
Microsoft Visual Studio Solution File, Format Version 12.00
# Visual Studio Version 17
VisualStudioVersion = 17.7.34031.279
MinimumVisualStudioVersion = 10.0.40219.1
Project("{FAE04EC0-301F-11D3-BF4B-00C04F79EFBC}") = "Blazor-Dynamic-Pdf-Text-Editor", "Blazor-Dynamic-Pdf-Text-Editor\Blazor-Dynamic-Pdf-Text-Editor.csproj", "{1518A8A7-9B52-4461-9ADF-DF51C8D8E19A}"
EndProject
Global
	GlobalSection(SolutionConfigurationPlatforms) = preSolution
		Debug|Any CPU = Debug|Any CPU
		Release|Any CPU = Release|Any CPU
	EndGlobalSection
	GlobalSection(ProjectConfigurationPlatforms) = postSolution
		{1518A8A7-9B52-4461-9ADF-DF51C8D8E19A}.Debug|Any CPU.ActiveCfg = Debug|Any CPU
		{1518A8A7-9B52-4461-9ADF-DF51C8D8E19A}.Debug|Any CPU.Build.0 = Debug|Any CPU
		{1518A8A7-9B52-4461-9ADF-DF51C8D8E19A}.Release|Any CPU.ActiveCfg = Release|Any CPU
		{1518A8A7-9B52-4461-9ADF-DF51C8D8E19A}.Release|Any CPU.Build.0 = Release|Any CPU
	EndGlobalSection
	GlobalSection(SolutionProperties) = preSolution
		HideSolutionNode = FALSE
	EndGlobalSection
	GlobalSection(ExtensibilityGlobals) = postSolution
		SolutionGuid = {362F47EB-206F-48F9-B735-C81415EBAA1C}
	EndGlobalSection
EndGlobal
